
Microsoft Visual Studio Solution File, Format Version 12.00
# Visual Studio Version 16
VisualStudioVersion = 25.0.1705.1
MinimumVisualStudioVersion = 10.0.40219.1
Project("{FAE04EC0-301F-11D3-BF4B-00C04F79EFBC}") = "MyWebApp", "MyWebApp.csproj", "{B9B5E21C-7C0B-4BF5-BB6F-DDF0C42BBD26}"
EndProject
Project("{E53339B2-1760-4266-BCC7-CA923CBCF16C}") = "docker-compose", "docker-compose.dcproj", "{48C886EE-8EC1-4DF0-9160-5C542B71663C}"
EndProject
Global
	GlobalSection(SolutionConfigurationPlatforms) = preSolution
		Debug|Any CPU = Debug|Any CPU
		Release|Any CPU = Release|Any CPU
	EndGlobalSection
	GlobalSection(ProjectConfigurationPlatforms) = postSolution
		{B9B5E21C-7C0B-4BF5-BB6F-DDF0C42BBD26}.Debug|Any CPU.ActiveCfg = Debug|Any CPU
		{B9B5E21C-7C0B-4BF5-BB6F-DDF0C42BBD26}.Debug|Any CPU.Build.0 = Debug|Any CPU
		{B9B5E21C-7C0B-4BF5-BB6F-DDF0C42BBD26}.Release|Any CPU.ActiveCfg = Release|Any CPU
		{B9B5E21C-7C0B-4BF5-BB6F-DDF0C42BBD26}.Release|Any CPU.Build.0 = Release|Any CPU
		{48C886EE-8EC1-4DF0-9160-5C542B71663C}.Debug|Any CPU.ActiveCfg = Debug|Any CPU
		{48C886EE-8EC1-4DF0-9160-5C542B71663C}.Debug|Any CPU.Build.0 = Debug|Any CPU
		{48C886EE-8EC1-4DF0-9160-5C542B71663C}.Release|Any CPU.ActiveCfg = Release|Any CPU
		{48C886EE-8EC1-4DF0-9160-5C542B71663C}.Release|Any CPU.Build.0 = Release|Any CPU
	EndGlobalSection
	GlobalSection(SolutionProperties) = preSolution
		HideSolutionNode = FALSE
	EndGlobalSection
	GlobalSection(ExtensibilityGlobals) = postSolution
		SolutionGuid = {89DC1961-062A-48E8-AA82-03F7C9948E95}
	EndGlobalSection
EndGlobal
